# This file is automatically @generated by Cargo.
# It is not intended for manual editing.
[[package]]
name = "interleave"
version = "1.0.1"
source = "registry+https://github.com/rust-lang/crates.io-index"

[[package]]
name = "rust-multithread-exp"
version = "0.1.0"
dependencies = [
 "interleave 1.0.1 (registry+https://github.com/rust-lang/crates.io-index)",
]

[metadata]
"checksum interleave 1.0.1 (registry+https://github.com/rust-lang/crates.io-index)" = "8f23fa38fecf54b4caefb362bd2d442465648698b26fa8ce66f35366b217f49c"
